
Microsoft Visual Studio Solution File, Format Version 12.00
# Visual Studio Version 17
VisualStudioVersion = 17.13.35919.96 d17.13
MinimumVisualStudioVersion = 10.0.40219.1
Project("{FAE04EC0-301F-11D3-BF4B-00C04F79EFBC}") = "TitlePageMaker", "TitlePageMaker.csproj", "{EE784095-1715-4B9E-8648-EA65C7EB5363}"
EndProject
Global
	GlobalSection(SolutionConfigurationPlatforms) = preSolution
		Debug|Any CPU = Debug|Any CPU
		Release|Any CPU = Release|Any CPU
	EndGlobalSection
	GlobalSection(ProjectConfigurationPlatforms) = postSolution
		{EE784095-1715-4B9E-8648-EA65C7EB5363}.Debug|Any CPU.ActiveCfg = Debug|Any CPU
		{EE784095-1715-4B9E-8648-EA65C7EB5363}.Debug|Any CPU.Build.0 = Debug|Any CPU
		{EE784095-1715-4B9E-8648-EA65C7EB5363}.Release|Any CPU.ActiveCfg = Release|Any CPU
		{EE784095-1715-4B9E-8648-EA65C7EB5363}.Release|Any CPU.Build.0 = Release|Any CPU
	EndGlobalSection
	GlobalSection(SolutionProperties) = preSolution
		HideSolutionNode = FALSE
	EndGlobalSection
	GlobalSection(ExtensibilityGlobals) = postSolution
		SolutionGuid = {8A4A232A-5D7E-4053-87F4-B8C0F63613A3}
	EndGlobalSection
EndGlobal
